
Microsoft Visual Studio Solution File, Format Version 12.00
# Visual Studio Version 17
VisualStudioVersion = 17.0.31903.59
MinimumVisualStudioVersion = 10.0.40219.1
Project("{2150E333-8FDC-42A3-9474-1A3956D46DE8}") = "src", "src", "{827E0CD3-B72D-47B6-A68D-7590B98EB39B}"
EndProject
Project("{FAE04EC0-301F-11D3-BF4B-00C04F79EFBC}") = "WeatherStation.API", "src\WeatherStation.API\WeatherStation.API.csproj", "{8E40C75D-4186-4AA4-863F-22F586B9C2E0}"
EndProject
Project("{FAE04EC0-301F-11D3-BF4B-00C04F79EFBC}") = "WeatherStation.Core", "src\WeatherStation.Core\WeatherStation.Core.csproj", "{3D80628A-118D-409F-A95A-E0712AD6296B}"
EndProject
Project("{FAE04EC0-301F-11D3-BF4B-00C04F79EFBC}") = "WeatherStation.Infrastructure", "src\WeatherStation.Infrastructure\WeatherStation.Infrastructure.csproj", "{93856669-7F69-4CCE-807D-5F478F0DEDEB}"
EndProject
Project("{2150E333-8FDC-42A3-9474-1A3956D46DE8}") = "tests", "tests", "{0AB3BF05-4346-4AA6-1389-037BE0695223}"
EndProject
Project("{FAE04EC0-301F-11D3-BF4B-00C04F79EFBC}") = "WeatherStation.API.Tests", "tests\WeatherStation.API.Tests\WeatherStation.API.Tests.csproj", "{7AFCB24E-483E-4517-A9D2-25F0A43E570F}"
EndProject
Project("{FAE04EC0-301F-11D3-BF4B-00C04F79EFBC}") = "WeatherStation.Core.Tests", "src\WeatherStation.Core.Tests\WeatherStation.Core.Tests.csproj", "{CF4BA577-D736-4ACE-8476-AFEA1B534B19}"
EndProject
Global
	GlobalSection(SolutionConfigurationPlatforms) = preSolution
		Debug|Any CPU = Debug|Any CPU
		Debug|x64 = Debug|x64
		Debug|x86 = Debug|x86
		Release|Any CPU = Release|Any CPU
		Release|x64 = Release|x64
		Release|x86 = Release|x86
	EndGlobalSection
	GlobalSection(ProjectConfigurationPlatforms) = postSolution
		{8E40C75D-4186-4AA4-863F-22F586B9C2E0}.Debug|Any CPU.ActiveCfg = Debug|Any CPU
		{8E40C75D-4186-4AA4-863F-22F586B9C2E0}.Debug|Any CPU.Build.0 = Debug|Any CPU
		{8E40C75D-4186-4AA4-863F-22F586B9C2E0}.Debug|x64.ActiveCfg = Debug|Any CPU
		{8E40C75D-4186-4AA4-863F-22F586B9C2E0}.Debug|x64.Build.0 = Debug|Any CPU
		{8E40C75D-4186-4AA4-863F-22F586B9C2E0}.Debug|x86.ActiveCfg = Debug|Any CPU
		{8E40C75D-4186-4AA4-863F-22F586B9C2E0}.Debug|x86.Build.0 = Debug|Any CPU
		{8E40C75D-4186-4AA4-863F-22F586B9C2E0}.Release|Any CPU.ActiveCfg = Release|Any CPU
		{8E40C75D-4186-4AA4-863F-22F586B9C2E0}.Release|Any CPU.Build.0 = Release|Any CPU
		{8E40C75D-4186-4AA4-863F-22F586B9C2E0}.Release|x64.ActiveCfg = Release|Any CPU
		{8E40C75D-4186-4AA4-863F-22F586B9C2E0}.Release|x64.Build.0 = Release|Any CPU
		{8E40C75D-4186-4AA4-863F-22F586B9C2E0}.Release|x86.ActiveCfg = Release|Any CPU
		{8E40C75D-4186-4AA4-863F-22F586B9C2E0}.Release|x86.Build.0 = Release|Any CPU
		{3D80628A-118D-409F-A95A-E0712AD6296B}.Debug|Any CPU.ActiveCfg = Debug|Any CPU
		{3D80628A-118D-409F-A95A-E0712AD6296B}.Debug|Any CPU.Build.0 = Debug|Any CPU
		{3D80628A-118D-409F-A95A-E0712AD6296B}.Debug|x64.ActiveCfg = Debug|Any CPU
		{3D80628A-118D-409F-A95A-E0712AD6296B}.Debug|x64.Build.0 = Debug|Any CPU
		{3D80628A-118D-409F-A95A-E0712AD6296B}.Debug|x86.ActiveCfg = Debug|Any CPU
		{3D80628A-118D-409F-A95A-E0712AD6296B}.Debug|x86.Build.0 = Debug|Any CPU
		{3D80628A-118D-409F-A95A-E0712AD6296B}.Release|Any CPU.ActiveCfg = Release|Any CPU
		{3D80628A-118D-409F-A95A-E0712AD6296B}.Release|Any CPU.Build.0 = Release|Any CPU
		{3D80628A-118D-409F-A95A-E0712AD6296B}.Release|x64.ActiveCfg = Release|Any CPU
		{3D80628A-118D-409F-A95A-E0712AD6296B}.Release|x64.Build.0 = Release|Any CPU
		{3D80628A-118D-409F-A95A-E0712AD6296B}.Release|x86.ActiveCfg = Release|Any CPU
		{3D80628A-118D-409F-A95A-E0712AD6296B}.Release|x86.Build.0 = Release|Any CPU
		{93856669-7F69-4CCE-807D-5F478F0DEDEB}.Debug|Any CPU.ActiveCfg = Debug|Any CPU
		{93856669-7F69-4CCE-807D-5F478F0DEDEB}.Debug|Any CPU.Build.0 = Debug|Any CPU
		{93856669-7F69-4CCE-807D-5F478F0DEDEB}.Debug|x64.ActiveCfg = Debug|Any CPU
		{93856669-7F69-4CCE-807D-5F478F0DEDEB}.Debug|x64.Build.0 = Debug|Any CPU
		{93856669-7F69-4CCE-807D-5F478F0DEDEB}.Debug|x86.ActiveCfg = Debug|Any CPU
		{93856669-7F69-4CCE-807D-5F478F0DEDEB}.Debug|x86.Build.0 = Debug|Any CPU
		{93856669-7F69-4CCE-807D-5F478F0DEDEB}.Release|Any CPU.ActiveCfg = Release|Any CPU
		{93856669-7F69-4CCE-807D-5F478F0DEDEB}.Release|Any CPU.Build.0 = Release|Any CPU
		{93856669-7F69-4CCE-807D-5F478F0DEDEB}.Release|x64.ActiveCfg = Release|Any CPU
		{93856669-7F69-4CCE-807D-5F478F0DEDEB}.Release|x64.Build.0 = Release|Any CPU
		{93856669-7F69-4CCE-807D-5F478F0DEDEB}.Release|x86.ActiveCfg = Release|Any CPU
		{93856669-7F69-4CCE-807D-5F478F0DEDEB}.Release|x86.Build.0 = Release|Any CPU
		{7AFCB24E-483E-4517-A9D2-25F0A43E570F}.Debug|Any CPU.ActiveCfg = Debug|Any CPU
		{7AFCB24E-483E-4517-A9D2-25F0A43E570F}.Debug|Any CPU.Build.0 = Debug|Any CPU
		{7AFCB24E-483E-4517-A9D2-25F0A43E570F}.Debug|x64.ActiveCfg = Debug|Any CPU
		{7AFCB24E-483E-4517-A9D2-25F0A43E570F}.Debug|x64.Build.0 = Debug|Any CPU
		{7AFCB24E-483E-4517-A9D2-25F0A43E570F}.Debug|x86.ActiveCfg = Debug|Any CPU
		{7AFCB24E-483E-4517-A9D2-25F0A43E570F}.Debug|x86.Build.0 = Debug|Any CPU
		{7AFCB24E-483E-4517-A9D2-25F0A43E570F}.Release|Any CPU.ActiveCfg = Release|Any CPU
		{7AFCB24E-483E-4517-A9D2-25F0A43E570F}.Release|Any CPU.Build.0 = Release|Any CPU
		{7AFCB24E-483E-4517-A9D2-25F0A43E570F}.Release|x64.ActiveCfg = Release|Any CPU
		{7AFCB24E-483E-4517-A9D2-25F0A43E570F}.Release|x64.Build.0 = Release|Any CPU
		{7AFCB24E-483E-4517-A9D2-25F0A43E570F}.Release|x86.ActiveCfg = Release|Any CPU
		{7AFCB24E-483E-4517-A9D2-25F0A43E570F}.Release|x86.Build.0 = Release|Any CPU
		{CF4BA577-D736-4ACE-8476-AFEA1B534B19}.Debug|Any CPU.ActiveCfg = Debug|Any CPU
		{CF4BA577-D736-4ACE-8476-AFEA1B534B19}.Debug|Any CPU.Build.0 = Debug|Any CPU
		{CF4BA577-D736-4ACE-8476-AFEA1B534B19}.Debug|x64.ActiveCfg = Debug|Any CPU
		{CF4BA577-D736-4ACE-8476-AFEA1B534B19}.Debug|x64.Build.0 = Debug|Any CPU
		{CF4BA577-D736-4ACE-8476-AFEA1B534B19}.Debug|x86.ActiveCfg = Debug|Any CPU
		{CF4BA577-D736-4ACE-8476-AFEA1B534B19}.Debug|x86.Build.0 = Debug|Any CPU
		{CF4BA577-D736-4ACE-8476-AFEA1B534B19}.Release|Any CPU.ActiveCfg = Release|Any CPU
		{CF4BA577-D736-4ACE-8476-AFEA1B534B19}.Release|Any CPU.Build.0 = Release|Any CPU
		{CF4BA577-D736-4ACE-8476-AFEA1B534B19}.Release|x64.ActiveCfg = Release|Any CPU
		{CF4BA577-D736-4ACE-8476-AFEA1B534B19}.Release|x64.Build.0 = Release|Any CPU
		{CF4BA577-D736-4ACE-8476-AFEA1B534B19}.Release|x86.ActiveCfg = Release|Any CPU
		{CF4BA577-D736-4ACE-8476-AFEA1B534B19}.Release|x86.Build.0 = Release|Any CPU
	EndGlobalSection
	GlobalSection(SolutionProperties) = preSolution
		HideSolutionNode = FALSE
	EndGlobalSection
	GlobalSection(NestedProjects) = preSolution
		{8E40C75D-4186-4AA4-863F-22F586B9C2E0} = {827E0CD3-B72D-47B6-A68D-7590B98EB39B}
		{3D80628A-118D-409F-A95A-E0712AD6296B} = {827E0CD3-B72D-47B6-A68D-7590B98EB39B}
		{93856669-7F69-4CCE-807D-5F478F0DEDEB} = {827E0CD3-B72D-47B6-A68D-7590B98EB39B}
		{7AFCB24E-483E-4517-A9D2-25F0A43E570F} = {0AB3BF05-4346-4AA6-1389-037BE0695223}
		{CF4BA577-D736-4ACE-8476-AFEA1B534B19} = {0AB3BF05-4346-4AA6-1389-037BE0695223}
	EndGlobalSection
EndGlobal
